
Microsoft Visual Studio Solution File, Format Version 12.00
# Visual Studio Version 17
VisualStudioVersion = 17.6.33829.357
MinimumVisualStudioVersion = 10.0.40219.1
Project("{9A19103F-16F7-4668-BE54-9A1E7A4F7556}") = "LiftApp", "LiftApp\LiftApp.csproj", "{1997B502-F2DF-43EE-A5C3-5EC6BC1FBA6B}"
EndProject
Project("{9A19103F-16F7-4668-BE54-9A1E7A4F7556}") = "LiftApp.Test", "LiftApp.Test\LiftApp.Test.csproj", "{73AD9F7B-CD89-4589-ACBA-E93828B40BE8}"
EndProject
Global
	GlobalSection(SolutionConfigurationPlatforms) = preSolution
		Debug|Any CPU = Debug|Any CPU
		Release|Any CPU = Release|Any CPU
	EndGlobalSection
	GlobalSection(ProjectConfigurationPlatforms) = postSolution
		{1997B502-F2DF-43EE-A5C3-5EC6BC1FBA6B}.Debug|Any CPU.ActiveCfg = Debug|Any CPU
		{1997B502-F2DF-43EE-A5C3-5EC6BC1FBA6B}.Debug|Any CPU.Build.0 = Debug|Any CPU
		{1997B502-F2DF-43EE-A5C3-5EC6BC1FBA6B}.Release|Any CPU.ActiveCfg = Release|Any CPU
		{1997B502-F2DF-43EE-A5C3-5EC6BC1FBA6B}.Release|Any CPU.Build.0 = Release|Any CPU
		{73AD9F7B-CD89-4589-ACBA-E93828B40BE8}.Debug|Any CPU.ActiveCfg = Debug|Any CPU
		{73AD9F7B-CD89-4589-ACBA-E93828B40BE8}.Debug|Any CPU.Build.0 = Debug|Any CPU
		{73AD9F7B-CD89-4589-ACBA-E93828B40BE8}.Release|Any CPU.ActiveCfg = Release|Any CPU
		{73AD9F7B-CD89-4589-ACBA-E93828B40BE8}.Release|Any CPU.Build.0 = Release|Any CPU
	EndGlobalSection
	GlobalSection(SolutionProperties) = preSolution
		HideSolutionNode = FALSE
	EndGlobalSection
	GlobalSection(ExtensibilityGlobals) = postSolution
		SolutionGuid = {2ED9A004-2DC7-41D5-9C20-BD57165C7B8D}
	EndGlobalSection
EndGlobal
